// !$*UTF8*$!
{
	archiveVersion = 1;
	classes = {
	};
	objectVersion = 46;
	objects = {

/* Begin PBXBuildFile section */
		7D92B5861BE3B7B000DFC494 /* main.m in Sources */ = {isa = PBXBuildFile; fileRef = 7D92B5851BE3B7B000DFC494 /* main.m */; };
		7D92B5891BE3B7B000DFC494 /* AppDelegate.m in Sources */ = {isa = PBXBuildFile; fileRef = 7D92B5881BE3B7B000DFC494 /* AppDelegate.m */; };
		7D92B58C1BE3B7B000DFC494 /* ViewController.m in Sources */ = {isa = PBXBuildFile; fileRef = 7D92B58B1BE3B7B000DFC494 /* ViewController.m */; };
		7D92B58F1BE3B7B000DFC494 /* Main.storyboard in Resources */ = {isa = PBXBuildFile; fileRef = 7D92B58D1BE3B7B000DFC494 /* Main.storyboard */; };
		7D92B5911BE3B7B000DFC494 /* Assets.xcassets in Resources */ = {isa = PBXBuildFile; fileRef = 7D92B5901BE3B7B000DFC494 /* Assets.xcassets */; };
		7D92B5941BE3B7B000DFC494 /* LaunchScreen.storyboard in Resources */ = {isa = PBXBuildFile; fileRef = 7D92B5921BE3B7B000DFC494 /* LaunchScreen.storyboard */; };
		7D92B59E1BE3B80200DFC494 /* DRParallaxView.m in Sources */ = {isa = PBXBuildFile; fileRef = 7D92B59D1BE3B80200DFC494 /* DRParallaxView.m */; };
		7D92B5A01BE3B81B00DFC494 /* ImageHighlight.png in Resources */ = {isa = PBXBuildFile; fileRef = 7D92B59F1BE3B81B00DFC494 /* ImageHighlight.png */; };
/* End PBXBuildFile section */

/* Begin PBXFileReference section */
		7D92B5811BE3B7B000DFC494 /* DRParallaxViewDemo.app */ = {isa = PBXFileReference; explicitFileType = wrapper.application; includeInIndex = 0; path = DRParallaxViewDemo.app; sourceTree = BUILT_PRODUCTS_DIR; };
		7D92B5851BE3B7B000DFC494 /* main.m */ = {isa = PBXFileReference; lastKnownFileType = sourcecode.c.objc; path = main.m; sourceTree = "<group>"; };
		7D92B5871BE3B7B000DFC494 /* AppDelegate.h */ = {isa = PBXFileReference; lastKnownFileType = sourcecode.c.h; path = AppDelegate.h; sourceTree = "<group>"; };
		7D92B5881BE3B7B000DFC494 /* AppDelegate.m */ = {isa = PBXFileReference; lastKnownFileType = sourcecode.c.objc; path = AppDelegate.m; sourceTree = "<group>"; };
		7D92B58A1BE3B7B000DFC494 /* ViewController.h */ = {isa = PBXFileReference; lastKnownFileType = sourcecode.c.h; path = ViewController.h; sourceTree = "<group>"; };
		7D92B58B1BE3B7B000DFC494 /* ViewController.m */ = {isa = PBXFileReference; lastKnownFileType = sourcecode.c.objc; path = ViewController.m; sourceTree = "<group>"; };
		7D92B58E1BE3B7B000DFC494 /* Base */ = {isa = PBXFileReference; lastKnownFileType = file.storyboard; name = Base; path = Base.lproj/Main.storyboard; sourceTree = "<group>"; };
		7D92B5901BE3B7B000DFC494 /* Assets.xcassets */ = {isa = PBXFileReference; lastKnownFileType = folder.assetcatalog; path = Assets.xcassets; sourceTree = "<group>"; };
		7D92B5931BE3B7B000DFC494 /* Base */ = {isa = PBXFileReference; lastKnownFileType = file.storyboard; name = Base; path = Base.lproj/LaunchScreen.storyboard; sourceTree = "<group>"; };
		7D92B5951BE3B7B000DFC494 /* Info.plist */ = {isa = PBXFileReference; lastKnownFileType = text.plist.xml; path = Info.plist; sourceTree = "<group>"; };
		7D92B59C1BE3B80200DFC494 /* DRParallaxView.h */ = {isa = PBXFileReference; fileEncoding = 4; lastKnownFileType = sourcecode.c.h; name = DRParallaxView.h; path = DRParallaxView/DRParallaxView.h; sourceTree = SOURCE_ROOT; };
		7D92B59D1BE3B80200DFC494 /* DRParallaxView.m */ = {isa = PBXFileReference; fileEncoding = 4; lastKnownFileType = sourcecode.c.objc; name = DRParallaxView.m; path = DRParallaxView/DRParallaxView.m; sourceTree = SOURCE_ROOT; };
		7D92B59F1BE3B81B00DFC494 /* ImageHighlight.png */ = {isa = PBXFileReference; lastKnownFileType = image.png; path = ImageHighlight.png; sourceTree = "<group>"; };
/* End PBXFileReference section */

/* Begin PBXFrameworksBuildPhase section */
		7D92B57E1BE3B7B000DFC494 /* Frameworks */ = {
			isa = PBXFrameworksBuildPhase;
			buildActionMask = 2147483647;
			files = (
			);
			runOnlyForDeploymentPostprocessing = 0;
		};
/* End PBXFrameworksBuildPhase section */

/* Begin PBXGroup section */
		7D92B5781BE3B7B000DFC494 = {
			isa = PBXGroup;
			children = (
				7D92B5831BE3B7B000DFC494 /* DRParallaxViewDemo */,
				7D92B5821BE3B7B000DFC494 /* Products */,
			);
			sourceTree = "<group>";
		};
		7D92B5821BE3B7B000DFC494 /* Products */ = {
			isa = PBXGroup;
			children = (
				7D92B5811BE3B7B000DFC494 /* DRParallaxViewDemo.app */,
			);
			name = Products;
			sourceTree = "<group>";
		};
		7D92B5831BE3B7B000DFC494 /* DRParallaxViewDemo */ = {
			isa = PBXGroup;
			children = (
				7D92B59B1BE3B7CE00DFC494 /* DRParallaxView */,
				7D92B5871BE3B7B000DFC494 /* AppDelegate.h */,
				7D92B5881BE3B7B000DFC494 /* AppDelegate.m */,
				7D92B58A1BE3B7B000DFC494 /* ViewController.h */,
				7D92B58B1BE3B7B000DFC494 /* ViewController.m */,
				7D92B58D1BE3B7B000DFC494 /* Main.storyboard */,
				7D92B5901BE3B7B000DFC494 /* Assets.xcassets */,
				7D92B5921BE3B7B000DFC494 /* LaunchScreen.storyboard */,
				7D92B5951BE3B7B000DFC494 /* Info.plist */,
				7D92B5841BE3B7B000DFC494 /* Supporting Files */,
			);
			path = DRParallaxViewDemo;
			sourceTree = "<group>";
		};
		7D92B5841BE3B7B000DFC494 /* Supporting Files */ = {
			isa = PBXGroup;
			children = (
				7D92B5851BE3B7B000DFC494 /* main.m */,
			);
			name = "Supporting Files";
			sourceTree = "<group>";
		};
		7D92B59B1BE3B7CE00DFC494 /* DRParallaxView */ = {
			isa = PBXGroup;
			children = (
				7D92B59F1BE3B81B00DFC494 /* ImageHighlight.png */,
				7D92B59C1BE3B80200DFC494 /* DRParallaxView.h */,
				7D92B59D1BE3B80200DFC494 /* DRParallaxView.m */,
			);
			name = DRParallaxView;
			sourceTree = "<group>";
		};
/* End PBXGroup section */

/* Begin PBXNativeTarget section */
		7D92B5801BE3B7B000DFC494 /* DRParallaxViewDemo */ = {
			isa = PBXNativeTarget;
			buildConfigurationList = 7D92B5981BE3B7B000DFC494 /* Build configuration list for PBXNativeTarget "DRParallaxViewDemo" */;
			buildPhases = (
				7D92B57D1BE3B7B000DFC494 /* Sources */,
				7D92B57E1BE3B7B000DFC494 /* Frameworks */,
				7D92B57F1BE3B7B000DFC494 /* Resources */,
			);
			buildRules = (
			);
			dependencies = (
			);
			name = DRParallaxViewDemo;
			productName = DRParallaxViewDemo;
			productReference = 7D92B5811BE3B7B000DFC494 /* DRParallaxViewDemo.app */;
			productType = "com.apple.product-type.application";
		};
/* End PBXNativeTarget section */

/* Begin PBXProject section */
		7D92B5791BE3B7B000DFC494 /* Project object */ = {
			isa = PBXProject;
			attributes = {
				LastUpgradeCheck = 0710;
				ORGANIZATIONNAME = "Dmitriy Romanov";
				TargetAttributes = {
					7D92B5801BE3B7B000DFC494 = {
						CreatedOnToolsVersion = 7.1;
					};
				};
			};
			buildConfigurationList = 7D92B57C1BE3B7B000DFC494 /* Build configuration list for PBXProject "DRParallaxViewDemo" */;
			compatibilityVersion = "Xcode 3.2";
			developmentRegion = English;
			hasScannedForEncodings = 0;
			knownRegions = (
				en,
				Base,
			);
			mainGroup = 7D92B5781BE3B7B000DFC494;
			productRefGroup = 7D92B5821BE3B7B000DFC494 /* Products */;
			projectDirPath = "";
			projectRoot = "";
			targets = (
				7D92B5801BE3B7B000DFC494 /* DRParallaxViewDemo */,
			);
		};
/* End PBXProject section */

/* Begin PBXResourcesBuildPhase section */
		7D92B57F1BE3B7B000DFC494 /* Resources */ = {
			isa = PBXResourcesBuildPhase;
			buildActionMask = 2147483647;
			files = (
				7D92B5A01BE3B81B00DFC494 /* ImageHighlight.png in Resources */,
				7D92B5941BE3B7B000DFC494 /* LaunchScreen.storyboard in Resources */,
				7D92B5911BE3B7B000DFC494 /* Assets.xcassets in Resources */,
				7D92B58F1BE3B7B000DFC494 /* Main.storyboard in Resources */,
			);
			runOnlyForDeploymentPostprocessing = 0;
		};
/* End PBXResourcesBuildPhase section */

/* Begin PBXSourcesBuildPhase section */
		7D92B57D1BE3B7B000DFC494 /* Sources */ = {
			isa = PBXSourcesBuildPhase;
			buildActionMask = 2147483647;
			files = (
				7D92B58C1BE3B7B000DFC494 /* ViewController.m in Sources */,
				7D92B59E1BE3B80200DFC494 /* DRParallaxView.m in Sources */,
				7D92B5891BE3B7B000DFC494 /* AppDelegate.m in Sources */,
				7D92B5861BE3B7B000DFC494 /* main.m in Sources */,
			);
			runOnlyForDeploymentPostprocessing = 0;
		};
/* End PBXSourcesBuildPhase section */

/* Begin PBXVariantGroup section */
		7D92B58D1BE3B7B000DFC494 /* Main.storyboard */ = {
			isa = PBXVariantGroup;
			children = (
				7D92B58E1BE3B7B000DFC494 /* Base */,
			);
			name = Main.storyboard;
			sourceTree = "<group>";
		};
		7D92B5921BE3B7B000DFC494 /* LaunchScreen.storyboard */ = {
			isa = PBXVariantGroup;
			children = (
				7D92B5931BE3B7B000DFC494 /* Base */,
			);
			name = LaunchScreen.storyboard;
			sourceTree = "<group>";
		};
/* End PBXVariantGroup section */

/* Begin XCBuildConfiguration section */
		7D92B5961BE3B7B000DFC494 /* Debug */ = {
			isa = XCBuildConfiguration;
			buildSettings = {
				ALWAYS_SEARCH_USER_PATHS = NO;
				CLANG_CXX_LANGUAGE_STANDARD = "gnu++0x";
				CLANG_CXX_LIBRARY = "libc++";
				CLANG_ENABLE_MODULES = YES;
				CLANG_ENABLE_OBJC_ARC = YES;
				CLANG_WARN_BOOL_CONVERSION = YES;
				CLANG_WARN_CONSTANT_CONVERSION = YES;
				CLANG_WARN_DIRECT_OBJC_ISA_USAGE = YES_ERROR;
				CLANG_WARN_EMPTY_BODY = YES;
				CLANG_WARN_ENUM_CONVERSION = YES;
				CLANG_WARN_INT_CONVERSION = YES;
				CLANG_WARN_OBJC_ROOT_CLASS = YES_ERROR;
				CLANG_WARN_UNREACHABLE_CODE = YES;
				CLANG_WARN__DUPLICATE_METHOD_MATCH = YES;
				"CODE_SIGN_IDENTITY[sdk=iphoneos*]" = "iPhone Developer";
				COPY_PHASE_STRIP = NO;
				DEBUG_INFORMATION_FORMAT = dwarf;
				ENABLE_STRICT_OBJC_MSGSEND = YES;
				ENABLE_TESTABILITY = YES;
				GCC_C_LANGUAGE_STANDARD = gnu99;
				GCC_DYNAMIC_NO_PIC = NO;
				GCC_NO_COMMON_BLOCKS = YES;
				GCC_OPTIMIZATION_LEVEL = 0;
				GCC_PREPROCESSOR_DEFINITIONS = (
					"DEBUG=1",
					"$(inherited)",
				);
				GCC_WARN_64_TO_32_BIT_CONVERSION = YES;
				GCC_WARN_ABOUT_RETURN_TYPE = YES_ERROR;
				GCC_WARN_UNDECLARED_SELECTOR = YES;
				GCC_WARN_UNINITIALIZED_AUTOS = YES_AGGRESSIVE;
				GCC_WARN_UNUSED_FUNCTION = YES;
				GCC_WARN_UNUSED_VARIABLE = YES;
				IPHONEOS_DEPLOYMENT_TARGET = 9.1;
				MTL_ENABLE_DEBUG_INFO = YES;
				ONLY_ACTIVE_ARCH = YES;
				SDKROOT = iphoneos;
			};
			name = Debug;
		};
		7D92B5971BE3B7B000DFC494 /* Release */ = {
			isa = XCBuildConfiguration;
			buildSettings = {
				ALWAYS_SEARCH_USER_PATHS = NO;
				CLANG_CXX_LANGUAGE_STANDARD = "gnu++0x";
				CLANG_CXX_LIBRARY = "libc++";
				CLANG_ENABLE_MODULES = YES;
				CLANG_ENABLE_OBJC_ARC = YES;
				CLANG_WARN_BOOL_CONVERSION = YES;
				CLANG_WARN_CONSTANT_CONVERSION = YES;
				CLANG_WARN_DIRECT_OBJC_ISA_USAGE = YES_ERROR;
				CLANG_WARN_EMPTY_BODY = YES;
				CLANG_WARN_ENUM_CONVERSION = YES;
				CLANG_WARN_INT_CONVERSION = YES;
				CLANG_WARN_OBJC_ROOT_CLASS = YES_ERROR;
				CLANG_WARN_UNREACHABLE_CODE = YES;
				CLANG_WARN__DUPLICATE_METHOD_MATCH = YES;
				"CODE_SIGN_IDENTITY[sdk=iphoneos*]" = "iPhone Developer";
				COPY_PHASE_STRIP = NO;
				DEBUG_INFORMATION_FORMAT = "dwarf-with-dsym";
				ENABLE_NS_ASSERTIONS = NO;
				ENABLE_STRICT_OBJC_MSGSEND = YES;
				GCC_C_LANGUAGE_STANDARD = gnu99;
				GCC_NO_COMMON_BLOCKS = YES;
				GCC_WARN_64_TO_32_BIT_CONVERSION = YES;
				GCC_WARN_ABOUT_RETURN_TYPE = YES_ERROR;
				GCC_WARN_UNDECLARED_SELECTOR = YES;
				GCC_WARN_UNINITIALIZED_AUTOS = YES_AGGRESSIVE;
				GCC_WARN_UNUSED_FUNCTION = YES;
				GCC_WARN_UNUSED_VARIABLE = YES;
				IPHONEOS_DEPLOYMENT_TARGET = 9.1;
				MTL_ENABLE_DEBUG_INFO = NO;
				SDKROOT = iphoneos;
				VALIDATE_PRODUCT = YES;
			};
			name = Release;
		};
		7D92B5991BE3B7B000DFC494 /* Debug */ = {
			isa = XCBuildConfiguration;
			buildSettings = {
				ASSETCATALOG_COMPILER_APPICON_NAME = AppIcon;
				INFOPLIST_FILE = DRParallaxViewDemo/Info.plist;
				LD_RUNPATH_SEARCH_PATHS = "$(inherited) @executable_path/Frameworks";
				PRODUCT_BUNDLE_IDENTIFIER = "Dmitriy-Romanov.DRParallaxViewDemo";
				PRODUCT_NAME = "$(TARGET_NAME)";
			};
			name = Debug;
		};
		7D92B59A1BE3B7B000DFC494 /* Release */ = {
			isa = XCBuildConfiguration;
			buildSettings = {
				ASSETCATALOG_COMPILER_APPICON_NAME = AppIcon;
				INFOPLIST_FILE = DRParallaxViewDemo/Info.plist;
				LD_RUNPATH_SEARCH_PATHS = "$(inherited) @executable_path/Frameworks";
				PRODUCT_BUNDLE_IDENTIFIER = "Dmitriy-Romanov.DRParallaxViewDemo";
				PRODUCT_NAME = "$(TARGET_NAME)";
			};
			name = Release;
		};
/* End XCBuildConfiguration section */

/* Begin XCConfigurationList section */
		7D92B57C1BE3B7B000DFC494 /* Build configuration list for PBXProject "DRParallaxViewDemo" */ = {
			isa = XCConfigurationList;
			buildConfigurations = (
				7D92B5961BE3B7B000DFC494 /* Debug */,
				7D92B5971BE3B7B000DFC494 /* Release */,
			);
			defaultConfigurationIsVisible = 0;
			defaultConfigurationName = Release;
		};
		7D92B5981BE3B7B000DFC494 /* Build configuration list for PBXNativeTarget "DRParallaxViewDemo" */ = {
			isa = XCConfigurationList;
			buildConfigurations = (
				7D92B5991BE3B7B000DFC494 /* Debug */,
				7D92B59A1BE3B7B000DFC494 /* Release */,
			);
			defaultConfigurationIsVisible = 0;
		};
/* End XCConfigurationList section */
	};
	rootObject = 7D92B5791BE3B7B000DFC494 /* Project object */;
}
